
Microsoft Visual Studio Solution File, Format Version 12.00
# Visual Studio 2013
VisualStudioVersion = 12.0.40629.0
MinimumVisualStudioVersion = 10.0.40219.1
Project("{8BC9CEB8-8B4A-11D0-8D11-00A0C91BC942}") = "DuiLib", "DuiLib\DuiLib.vcxproj", "{E106ACD7-4E53-4AEE-942B-D0DD426DB34E}"
EndProject
Project("{2150E333-8FDC-42A3-9474-1A3956D46DE8}") = "Demos", "Demos", "{544023B8-6E83-4602-B4B7-B649D8E73132}"
EndProject
Project("{8BC9CEB8-8B4A-11D0-8D11-00A0C91BC942}") = "360Safe", "360SafeDemo\360SafeDemo.vcxproj", "{463FE628-A176-4C58-B005-3924BFD1E4E6}"
	ProjectSection(ProjectDependencies) = postProject
		{E106ACD7-4E53-4AEE-942B-D0DD426DB34E} = {E106ACD7-4E53-4AEE-942B-D0DD426DB34E}
	EndProjectSection
EndProject
Project("{8BC9CEB8-8B4A-11D0-8D11-00A0C91BC942}") = "ListDemo", "ListDemo\ListDemo.vcxproj", "{223017E7-7805-40D5-9D96-AABF572F57D1}"
	ProjectSection(ProjectDependencies) = postProject
		{E106ACD7-4E53-4AEE-942B-D0DD426DB34E} = {E106ACD7-4E53-4AEE-942B-D0DD426DB34E}
	EndProjectSection
EndProject
Project("{8BC9CEB8-8B4A-11D0-8D11-00A0C91BC942}") = "MenuDemo", "MenuDemo\MenuDemo.vcxproj", "{11A20D10-E0D7-447F-A546-8E4662C115C5}"
EndProject
Project("{8BC9CEB8-8B4A-11D0-8D11-00A0C91BC942}") = "MulLang", "MulLang\MulLang.vcxproj", "{A252358D-0899-47C9-A24B-58EDC6D9BBAF}"
	ProjectSection(ProjectDependencies) = postProject
		{E106ACD7-4E53-4AEE-942B-D0DD426DB34E} = {E106ACD7-4E53-4AEE-942B-D0DD426DB34E}
	EndProjectSection
EndProject
Project("{8BC9CEB8-8B4A-11D0-8D11-00A0C91BC942}") = "QQDemo", "QQDemo\QQDemo.vcxproj", "{5EEA82DD-05C7-477F-8870-942E8758BFFF}"
	ProjectSection(ProjectDependencies) = postProject
		{E106ACD7-4E53-4AEE-942B-D0DD426DB34E} = {E106ACD7-4E53-4AEE-942B-D0DD426DB34E}
	EndProjectSection
EndProject
Project("{8BC9CEB8-8B4A-11D0-8D11-00A0C91BC942}") = "RichListDemo", "RichListDemo\RichListDemo.vcxproj", "{6F77AFCB-2F96-4573-8882-3578EBA8CA1D}"
EndProject
Project("{8BC9CEB8-8B4A-11D0-8D11-00A0C91BC942}") = "ScrCapture", "ScrCapture\ScrCapture.vcxproj", "{41B017E7-7805-40D5-9D96-AABF572F57D2}"
EndProject
Project("{8BC9CEB8-8B4A-11D0-8D11-00A0C91BC942}") = "TestApp1", "TestApp1\TestApp1.vcxproj", "{41B017E7-7805-40D5-9D96-AABF572F57D1}"
	ProjectSection(ProjectDependencies) = postProject
		{E106ACD7-4E53-4AEE-942B-D0DD426DB34E} = {E106ACD7-4E53-4AEE-942B-D0DD426DB34E}
	EndProjectSection
EndProject
Project("{8BC9CEB8-8B4A-11D0-8D11-00A0C91BC942}") = "GameDemo", "GameDemo\GameDemo.vcxproj", "{21B017E7-7805-40D5-9D96-AABF572F57D1}"
	ProjectSection(ProjectDependencies) = postProject
		{E106ACD7-4E53-4AEE-942B-D0DD426DB34E} = {E106ACD7-4E53-4AEE-942B-D0DD426DB34E}
	EndProjectSection
EndProject
Project("{8BC9CEB8-8B4A-11D0-8D11-00A0C91BC942}") = "SkinViewer", "SkinViewer\SkinViewer.vcxproj", "{EA69C09E-26EA-4E2B-A2C0-0400AAAD77B0}"
	ProjectSection(ProjectDependencies) = postProject
		{E106ACD7-4E53-4AEE-942B-D0DD426DB34E} = {E106ACD7-4E53-4AEE-942B-D0DD426DB34E}
	EndProjectSection
EndProject
Project("{8BC9CEB8-8B4A-11D0-8D11-00A0C91BC942}") = "FlashDemo", "FlashDemo\FlashDemo.vcxproj", "{41B017E7-7805-40D5-9D96-AABF572F5700}"
	ProjectSection(ProjectDependencies) = postProject
		{E106ACD7-4E53-4AEE-942B-D0DD426DB34E} = {E106ACD7-4E53-4AEE-942B-D0DD426DB34E}
	EndProjectSection
EndProject
Global
	GlobalSection(SolutionConfigurationPlatforms) = preSolution
		Debug|Win32 = Debug|Win32
		Release|Win32 = Release|Win32
		SDebug|Win32 = SDebug|Win32
		SRelease|Win32 = SRelease|Win32
		SUDebug|Win32 = SUDebug|Win32
		SURelease|Win32 = SURelease|Win32
		UDebug|Win32 = UDebug|Win32
		URelease|Win32 = URelease|Win32
	EndGlobalSection
	GlobalSection(ProjectConfigurationPlatforms) = postSolution
		{E106ACD7-4E53-4AEE-942B-D0DD426DB34E}.Debug|Win32.ActiveCfg = Debug|Win32
		{E106ACD7-4E53-4AEE-942B-D0DD426DB34E}.Debug|Win32.Build.0 = Debug|Win32
		{E106ACD7-4E53-4AEE-942B-D0DD426DB34E}.Release|Win32.ActiveCfg = Release|Win32
		{E106ACD7-4E53-4AEE-942B-D0DD426DB34E}.Release|Win32.Build.0 = Release|Win32
		{E106ACD7-4E53-4AEE-942B-D0DD426DB34E}.SDebug|Win32.ActiveCfg = SDebug|Win32
		{E106ACD7-4E53-4AEE-942B-D0DD426DB34E}.SDebug|Win32.Build.0 = SDebug|Win32
		{E106ACD7-4E53-4AEE-942B-D0DD426DB34E}.SRelease|Win32.ActiveCfg = SRelease|Win32
		{E106ACD7-4E53-4AEE-942B-D0DD426DB34E}.SRelease|Win32.Build.0 = SRelease|Win32
		{E106ACD7-4E53-4AEE-942B-D0DD426DB34E}.SUDebug|Win32.ActiveCfg = SUDebug|Win32
		{E106ACD7-4E53-4AEE-942B-D0DD426DB34E}.SUDebug|Win32.Build.0 = SUDebug|Win32
		{E106ACD7-4E53-4AEE-942B-D0DD426DB34E}.SURelease|Win32.ActiveCfg = SURelease|Win32
		{E106ACD7-4E53-4AEE-942B-D0DD426DB34E}.SURelease|Win32.Build.0 = SURelease|Win32
		{E106ACD7-4E53-4AEE-942B-D0DD426DB34E}.UDebug|Win32.ActiveCfg = UDebug|Win32
		{E106ACD7-4E53-4AEE-942B-D0DD426DB34E}.UDebug|Win32.Build.0 = UDebug|Win32
		{E106ACD7-4E53-4AEE-942B-D0DD426DB34E}.URelease|Win32.ActiveCfg = URelease|Win32
		{E106ACD7-4E53-4AEE-942B-D0DD426DB34E}.URelease|Win32.Build.0 = URelease|Win32
		{463FE628-A176-4C58-B005-3924BFD1E4E6}.Debug|Win32.ActiveCfg = Debug|Win32
		{463FE628-A176-4C58-B005-3924BFD1E4E6}.Debug|Win32.Build.0 = Debug|Win32
		{463FE628-A176-4C58-B005-3924BFD1E4E6}.Release|Win32.ActiveCfg = Release|Win32
		{463FE628-A176-4C58-B005-3924BFD1E4E6}.Release|Win32.Build.0 = Release|Win32
		{463FE628-A176-4C58-B005-3924BFD1E4E6}.SDebug|Win32.ActiveCfg = Debug|Win32
		{463FE628-A176-4C58-B005-3924BFD1E4E6}.SDebug|Win32.Build.0 = Debug|Win32
		{463FE628-A176-4C58-B005-3924BFD1E4E6}.SRelease|Win32.ActiveCfg = Release|Win32
		{463FE628-A176-4C58-B005-3924BFD1E4E6}.SRelease|Win32.Build.0 = Release|Win32
		{463FE628-A176-4C58-B005-3924BFD1E4E6}.SUDebug|Win32.ActiveCfg = UDebug|Win32
		{463FE628-A176-4C58-B005-3924BFD1E4E6}.SUDebug|Win32.Build.0 = UDebug|Win32
		{463FE628-A176-4C58-B005-3924BFD1E4E6}.SURelease|Win32.ActiveCfg = URelease|Win32
		{463FE628-A176-4C58-B005-3924BFD1E4E6}.SURelease|Win32.Build.0 = URelease|Win32
		{463FE628-A176-4C58-B005-3924BFD1E4E6}.UDebug|Win32.ActiveCfg = UDebug|Win32
		{463FE628-A176-4C58-B005-3924BFD1E4E6}.UDebug|Win32.Build.0 = UDebug|Win32
		{463FE628-A176-4C58-B005-3924BFD1E4E6}.URelease|Win32.ActiveCfg = URelease|Win32
		{463FE628-A176-4C58-B005-3924BFD1E4E6}.URelease|Win32.Build.0 = URelease|Win32
		{223017E7-7805-40D5-9D96-AABF572F57D1}.Debug|Win32.ActiveCfg = Debug|Win32
		{223017E7-7805-40D5-9D96-AABF572F57D1}.Debug|Win32.Build.0 = Debug|Win32
		{223017E7-7805-40D5-9D96-AABF572F57D1}.Release|Win32.ActiveCfg = Release|Win32
		{223017E7-7805-40D5-9D96-AABF572F57D1}.Release|Win32.Build.0 = Release|Win32
		{223017E7-7805-40D5-9D96-AABF572F57D1}.SDebug|Win32.ActiveCfg = Debug|Win32
		{223017E7-7805-40D5-9D96-AABF572F57D1}.SDebug|Win32.Build.0 = Debug|Win32
		{223017E7-7805-40D5-9D96-AABF572F57D1}.SRelease|Win32.ActiveCfg = Release|Win32
		{223017E7-7805-40D5-9D96-AABF572F57D1}.SRelease|Win32.Build.0 = Release|Win32
		{223017E7-7805-40D5-9D96-AABF572F57D1}.SUDebug|Win32.ActiveCfg = UDebug|Win32
		{223017E7-7805-40D5-9D96-AABF572F57D1}.SUDebug|Win32.Build.0 = UDebug|Win32
		{223017E7-7805-40D5-9D96-AABF572F57D1}.SURelease|Win32.ActiveCfg = URelease|Win32
		{223017E7-7805-40D5-9D96-AABF572F57D1}.SURelease|Win32.Build.0 = URelease|Win32
		{223017E7-7805-40D5-9D96-AABF572F57D1}.UDebug|Win32.ActiveCfg = UDebug|Win32
		{223017E7-7805-40D5-9D96-AABF572F57D1}.UDebug|Win32.Build.0 = UDebug|Win32
		{223017E7-7805-40D5-9D96-AABF572F57D1}.URelease|Win32.ActiveCfg = URelease|Win32
		{223017E7-7805-40D5-9D96-AABF572F57D1}.URelease|Win32.Build.0 = URelease|Win32
		{11A20D10-E0D7-447F-A546-8E4662C115C5}.Debug|Win32.ActiveCfg = Debug|Win32
		{11A20D10-E0D7-447F-A546-8E4662C115C5}.Debug|Win32.Build.0 = Debug|Win32
		{11A20D10-E0D7-447F-A546-8E4662C115C5}.Release|Win32.ActiveCfg = Release|Win32
		{11A20D10-E0D7-447F-A546-8E4662C115C5}.Release|Win32.Build.0 = Release|Win32
		{11A20D10-E0D7-447F-A546-8E4662C115C5}.SDebug|Win32.ActiveCfg = Debug|Win32
		{11A20D10-E0D7-447F-A546-8E4662C115C5}.SDebug|Win32.Build.0 = Debug|Win32
		{11A20D10-E0D7-447F-A546-8E4662C115C5}.SRelease|Win32.ActiveCfg = Release|Win32
		{11A20D10-E0D7-447F-A546-8E4662C115C5}.SRelease|Win32.Build.0 = Release|Win32
		{11A20D10-E0D7-447F-A546-8E4662C115C5}.SUDebug|Win32.ActiveCfg = UDebug|Win32
		{11A20D10-E0D7-447F-A546-8E4662C115C5}.SUDebug|Win32.Build.0 = UDebug|Win32
		{11A20D10-E0D7-447F-A546-8E4662C115C5}.SURelease|Win32.ActiveCfg = URelease|Win32
		{11A20D10-E0D7-447F-A546-8E4662C115C5}.SURelease|Win32.Build.0 = URelease|Win32
		{11A20D10-E0D7-447F-A546-8E4662C115C5}.UDebug|Win32.ActiveCfg = UDebug|Win32
		{11A20D10-E0D7-447F-A546-8E4662C115C5}.UDebug|Win32.Build.0 = UDebug|Win32
		{11A20D10-E0D7-447F-A546-8E4662C115C5}.URelease|Win32.ActiveCfg = URelease|Win32
		{11A20D10-E0D7-447F-A546-8E4662C115C5}.URelease|Win32.Build.0 = URelease|Win32
		{A252358D-0899-47C9-A24B-58EDC6D9BBAF}.Debug|Win32.ActiveCfg = Debug|Win32
		{A252358D-0899-47C9-A24B-58EDC6D9BBAF}.Debug|Win32.Build.0 = Debug|Win32
		{A252358D-0899-47C9-A24B-58EDC6D9BBAF}.Release|Win32.ActiveCfg = Release|Win32
		{A252358D-0899-47C9-A24B-58EDC6D9BBAF}.Release|Win32.Build.0 = Release|Win32
		{A252358D-0899-47C9-A24B-58EDC6D9BBAF}.SDebug|Win32.ActiveCfg = Debug|Win32
		{A252358D-0899-47C9-A24B-58EDC6D9BBAF}.SDebug|Win32.Build.0 = Debug|Win32
		{A252358D-0899-47C9-A24B-58EDC6D9BBAF}.SRelease|Win32.ActiveCfg = Release|Win32
		{A252358D-0899-47C9-A24B-58EDC6D9BBAF}.SRelease|Win32.Build.0 = Release|Win32
		{A252358D-0899-47C9-A24B-58EDC6D9BBAF}.SUDebug|Win32.ActiveCfg = UDebug|Win32
		{A252358D-0899-47C9-A24B-58EDC6D9BBAF}.SUDebug|Win32.Build.0 = UDebug|Win32
		{A252358D-0899-47C9-A24B-58EDC6D9BBAF}.SURelease|Win32.ActiveCfg = URelease|Win32
		{A252358D-0899-47C9-A24B-58EDC6D9BBAF}.SURelease|Win32.Build.0 = URelease|Win32
		{A252358D-0899-47C9-A24B-58EDC6D9BBAF}.UDebug|Win32.ActiveCfg = UDebug|Win32
		{A252358D-0899-47C9-A24B-58EDC6D9BBAF}.UDebug|Win32.Build.0 = UDebug|Win32
		{A252358D-0899-47C9-A24B-58EDC6D9BBAF}.URelease|Win32.ActiveCfg = URelease|Win32
		{A252358D-0899-47C9-A24B-58EDC6D9BBAF}.URelease|Win32.Build.0 = URelease|Win32
		{5EEA82DD-05C7-477F-8870-942E8758BFFF}.Debug|Win32.ActiveCfg = Debug|Win32
		{5EEA82DD-05C7-477F-8870-942E8758BFFF}.Debug|Win32.Build.0 = Debug|Win32
		{5EEA82DD-05C7-477F-8870-942E8758BFFF}.Release|Win32.ActiveCfg = Release|Win32
		{5EEA82DD-05C7-477F-8870-942E8758BFFF}.Release|Win32.Build.0 = Release|Win32
		{5EEA82DD-05C7-477F-8870-942E8758BFFF}.SDebug|Win32.ActiveCfg = Debug|Win32
		{5EEA82DD-05C7-477F-8870-942E8758BFFF}.SDebug|Win32.Build.0 = Debug|Win32
		{5EEA82DD-05C7-477F-8870-942E8758BFFF}.SRelease|Win32.ActiveCfg = Release|Win32
		{5EEA82DD-05C7-477F-8870-942E8758BFFF}.SRelease|Win32.Build.0 = Release|Win32
		{5EEA82DD-05C7-477F-8870-942E8758BFFF}.SUDebug|Win32.ActiveCfg = UDebug|Win32
		{5EEA82DD-05C7-477F-8870-942E8758BFFF}.SUDebug|Win32.Build.0 = UDebug|Win32
		{5EEA82DD-05C7-477F-8870-942E8758BFFF}.SURelease|Win32.ActiveCfg = URelease|Win32
		{5EEA82DD-05C7-477F-8870-942E8758BFFF}.SURelease|Win32.Build.0 = URelease|Win32
		{5EEA82DD-05C7-477F-8870-942E8758BFFF}.UDebug|Win32.ActiveCfg = UDebug|Win32
		{5EEA82DD-05C7-477F-8870-942E8758BFFF}.UDebug|Win32.Build.0 = UDebug|Win32
		{5EEA82DD-05C7-477F-8870-942E8758BFFF}.URelease|Win32.ActiveCfg = URelease|Win32
		{5EEA82DD-05C7-477F-8870-942E8758BFFF}.URelease|Win32.Build.0 = URelease|Win32
		{6F77AFCB-2F96-4573-8882-3578EBA8CA1D}.Debug|Win32.ActiveCfg = Debug|Win32
		{6F77AFCB-2F96-4573-8882-3578EBA8CA1D}.Debug|Win32.Build.0 = Debug|Win32
		{6F77AFCB-2F96-4573-8882-3578EBA8CA1D}.Release|Win32.ActiveCfg = Release|Win32
		{6F77AFCB-2F96-4573-8882-3578EBA8CA1D}.Release|Win32.Build.0 = Release|Win32
		{6F77AFCB-2F96-4573-8882-3578EBA8CA1D}.SDebug|Win32.ActiveCfg = Debug|Win32
		{6F77AFCB-2F96-4573-8882-3578EBA8CA1D}.SDebug|Win32.Build.0 = Debug|Win32
		{6F77AFCB-2F96-4573-8882-3578EBA8CA1D}.SRelease|Win32.ActiveCfg = Release|Win32
		{6F77AFCB-2F96-4573-8882-3578EBA8CA1D}.SRelease|Win32.Build.0 = Release|Win32
		{6F77AFCB-2F96-4573-8882-3578EBA8CA1D}.SUDebug|Win32.ActiveCfg = UDebug|Win32
		{6F77AFCB-2F96-4573-8882-3578EBA8CA1D}.SUDebug|Win32.Build.0 = UDebug|Win32
		{6F77AFCB-2F96-4573-8882-3578EBA8CA1D}.SURelease|Win32.ActiveCfg = URelease|Win32
		{6F77AFCB-2F96-4573-8882-3578EBA8CA1D}.SURelease|Win32.Build.0 = URelease|Win32
		{6F77AFCB-2F96-4573-8882-3578EBA8CA1D}.UDebug|Win32.ActiveCfg = UDebug|Win32
		{6F77AFCB-2F96-4573-8882-3578EBA8CA1D}.UDebug|Win32.Build.0 = UDebug|Win32
		{6F77AFCB-2F96-4573-8882-3578EBA8CA1D}.URelease|Win32.ActiveCfg = URelease|Win32
		{6F77AFCB-2F96-4573-8882-3578EBA8CA1D}.URelease|Win32.Build.0 = URelease|Win32
		{41B017E7-7805-40D5-9D96-AABF572F57D2}.Debug|Win32.ActiveCfg = Debug|Win32
		{41B017E7-7805-40D5-9D96-AABF572F57D2}.Debug|Win32.Build.0 = Debug|Win32
		{41B017E7-7805-40D5-9D96-AABF572F57D2}.Release|Win32.ActiveCfg = Release|Win32
		{41B017E7-7805-40D5-9D96-AABF572F57D2}.Release|Win32.Build.0 = Release|Win32
		{41B017E7-7805-40D5-9D96-AABF572F57D2}.SDebug|Win32.ActiveCfg = Debug|Win32
		{41B017E7-7805-40D5-9D96-AABF572F57D2}.SDebug|Win32.Build.0 = Debug|Win32
		{41B017E7-7805-40D5-9D96-AABF572F57D2}.SRelease|Win32.ActiveCfg = Release|Win32
		{41B017E7-7805-40D5-9D96-AABF572F57D2}.SRelease|Win32.Build.0 = Release|Win32
		{41B017E7-7805-40D5-9D96-AABF572F57D2}.SUDebug|Win32.ActiveCfg = UDebug|Win32
		{41B017E7-7805-40D5-9D96-AABF572F57D2}.SUDebug|Win32.Build.0 = UDebug|Win32
		{41B017E7-7805-40D5-9D96-AABF572F57D2}.SURelease|Win32.ActiveCfg = URelease|Win32
		{41B017E7-7805-40D5-9D96-AABF572F57D2}.SURelease|Win32.Build.0 = URelease|Win32
		{41B017E7-7805-40D5-9D96-AABF572F57D2}.UDebug|Win32.ActiveCfg = UDebug|Win32
		{41B017E7-7805-40D5-9D96-AABF572F57D2}.UDebug|Win32.Build.0 = UDebug|Win32
		{41B017E7-7805-40D5-9D96-AABF572F57D2}.URelease|Win32.ActiveCfg = URelease|Win32
		{41B017E7-7805-40D5-9D96-AABF572F57D2}.URelease|Win32.Build.0 = URelease|Win32
		{41B017E7-7805-40D5-9D96-AABF572F57D1}.Debug|Win32.ActiveCfg = Debug|Win32
		{41B017E7-7805-40D5-9D96-AABF572F57D1}.Debug|Win32.Build.0 = Debug|Win32
		{41B017E7-7805-40D5-9D96-AABF572F57D1}.Release|Win32.ActiveCfg = Release|Win32
		{41B017E7-7805-40D5-9D96-AABF572F57D1}.Release|Win32.Build.0 = Release|Win32
		{41B017E7-7805-40D5-9D96-AABF572F57D1}.SDebug|Win32.ActiveCfg = Debug|Win32
		{41B017E7-7805-40D5-9D96-AABF572F57D1}.SDebug|Win32.Build.0 = Debug|Win32
		{41B017E7-7805-40D5-9D96-AABF572F57D1}.SRelease|Win32.ActiveCfg = Release|Win32
		{41B017E7-7805-40D5-9D96-AABF572F57D1}.SRelease|Win32.Build.0 = Release|Win32
		{41B017E7-7805-40D5-9D96-AABF572F57D1}.SUDebug|Win32.ActiveCfg = UDebug|Win32
		{41B017E7-7805-40D5-9D96-AABF572F57D1}.SUDebug|Win32.Build.0 = UDebug|Win32
		{41B017E7-7805-40D5-9D96-AABF572F57D1}.SURelease|Win32.ActiveCfg = URelease|Win32
		{41B017E7-7805-40D5-9D96-AABF572F57D1}.SURelease|Win32.Build.0 = URelease|Win32
		{41B017E7-7805-40D5-9D96-AABF572F57D1}.UDebug|Win32.ActiveCfg = UDebug|Win32
		{41B017E7-7805-40D5-9D96-AABF572F57D1}.UDebug|Win32.Build.0 = UDebug|Win32
		{41B017E7-7805-40D5-9D96-AABF572F57D1}.URelease|Win32.ActiveCfg = URelease|Win32
		{41B017E7-7805-40D5-9D96-AABF572F57D1}.URelease|Win32.Build.0 = URelease|Win32
		{21B017E7-7805-40D5-9D96-AABF572F57D1}.Debug|Win32.ActiveCfg = Debug|Win32
		{21B017E7-7805-40D5-9D96-AABF572F57D1}.Debug|Win32.Build.0 = Debug|Win32
		{21B017E7-7805-40D5-9D96-AABF572F57D1}.Release|Win32.ActiveCfg = Release|Win32
		{21B017E7-7805-40D5-9D96-AABF572F57D1}.Release|Win32.Build.0 = Release|Win32
		{21B017E7-7805-40D5-9D96-AABF572F57D1}.SDebug|Win32.ActiveCfg = Debug|Win32
		{21B017E7-7805-40D5-9D96-AABF572F57D1}.SDebug|Win32.Build.0 = Debug|Win32
		{21B017E7-7805-40D5-9D96-AABF572F57D1}.SRelease|Win32.ActiveCfg = Release|Win32
		{21B017E7-7805-40D5-9D96-AABF572F57D1}.SRelease|Win32.Build.0 = Release|Win32
		{21B017E7-7805-40D5-9D96-AABF572F57D1}.SUDebug|Win32.ActiveCfg = UDebug|Win32
		{21B017E7-7805-40D5-9D96-AABF572F57D1}.SUDebug|Win32.Build.0 = UDebug|Win32
		{21B017E7-7805-40D5-9D96-AABF572F57D1}.SURelease|Win32.ActiveCfg = URelease|Win32
		{21B017E7-7805-40D5-9D96-AABF572F57D1}.SURelease|Win32.Build.0 = URelease|Win32
		{21B017E7-7805-40D5-9D96-AABF572F57D1}.UDebug|Win32.ActiveCfg = UDebug|Win32
		{21B017E7-7805-40D5-9D96-AABF572F57D1}.UDebug|Win32.Build.0 = UDebug|Win32
		{21B017E7-7805-40D5-9D96-AABF572F57D1}.URelease|Win32.ActiveCfg = URelease|Win32
		{21B017E7-7805-40D5-9D96-AABF572F57D1}.URelease|Win32.Build.0 = URelease|Win32
		{EA69C09E-26EA-4E2B-A2C0-0400AAAD77B0}.Debug|Win32.ActiveCfg = Debug|Win32
		{EA69C09E-26EA-4E2B-A2C0-0400AAAD77B0}.Debug|Win32.Build.0 = Debug|Win32
		{EA69C09E-26EA-4E2B-A2C0-0400AAAD77B0}.Release|Win32.ActiveCfg = Release|Win32
		{EA69C09E-26EA-4E2B-A2C0-0400AAAD77B0}.Release|Win32.Build.0 = Release|Win32
		{EA69C09E-26EA-4E2B-A2C0-0400AAAD77B0}.SDebug|Win32.ActiveCfg = SDebug|Win32
		{EA69C09E-26EA-4E2B-A2C0-0400AAAD77B0}.SDebug|Win32.Build.0 = SDebug|Win32
		{EA69C09E-26EA-4E2B-A2C0-0400AAAD77B0}.SRelease|Win32.ActiveCfg = SRelease|Win32
		{EA69C09E-26EA-4E2B-A2C0-0400AAAD77B0}.SRelease|Win32.Build.0 = SRelease|Win32
		{EA69C09E-26EA-4E2B-A2C0-0400AAAD77B0}.SUDebug|Win32.ActiveCfg = SUDebug|Win32
		{EA69C09E-26EA-4E2B-A2C0-0400AAAD77B0}.SUDebug|Win32.Build.0 = SUDebug|Win32
		{EA69C09E-26EA-4E2B-A2C0-0400AAAD77B0}.SURelease|Win32.ActiveCfg = SURelease|Win32
		{EA69C09E-26EA-4E2B-A2C0-0400AAAD77B0}.SURelease|Win32.Build.0 = SURelease|Win32
		{EA69C09E-26EA-4E2B-A2C0-0400AAAD77B0}.UDebug|Win32.ActiveCfg = UDebug|Win32
		{EA69C09E-26EA-4E2B-A2C0-0400AAAD77B0}.UDebug|Win32.Build.0 = UDebug|Win32
		{EA69C09E-26EA-4E2B-A2C0-0400AAAD77B0}.URelease|Win32.ActiveCfg = URelease|Win32
		{EA69C09E-26EA-4E2B-A2C0-0400AAAD77B0}.URelease|Win32.Build.0 = URelease|Win32
		{41B017E7-7805-40D5-9D96-AABF572F5700}.Debug|Win32.ActiveCfg = Debug|Win32
		{41B017E7-7805-40D5-9D96-AABF572F5700}.Debug|Win32.Build.0 = Debug|Win32
		{41B017E7-7805-40D5-9D96-AABF572F5700}.Release|Win32.ActiveCfg = Release|Win32
		{41B017E7-7805-40D5-9D96-AABF572F5700}.Release|Win32.Build.0 = Release|Win32
		{41B017E7-7805-40D5-9D96-AABF572F5700}.SDebug|Win32.ActiveCfg = Debug|Win32
		{41B017E7-7805-40D5-9D96-AABF572F5700}.SDebug|Win32.Build.0 = Debug|Win32
		{41B017E7-7805-40D5-9D96-AABF572F5700}.SRelease|Win32.ActiveCfg = Release|Win32
		{41B017E7-7805-40D5-9D96-AABF572F5700}.SRelease|Win32.Build.0 = Release|Win32
		{41B017E7-7805-40D5-9D96-AABF572F5700}.SUDebug|Win32.ActiveCfg = UDebug|Win32
		{41B017E7-7805-40D5-9D96-AABF572F5700}.SUDebug|Win32.Build.0 = UDebug|Win32
		{41B017E7-7805-40D5-9D96-AABF572F5700}.SURelease|Win32.ActiveCfg = URelease|Win32
		{41B017E7-7805-40D5-9D96-AABF572F5700}.SURelease|Win32.Build.0 = URelease|Win32
		{41B017E7-7805-40D5-9D96-AABF572F5700}.UDebug|Win32.ActiveCfg = UDebug|Win32
		{41B017E7-7805-40D5-9D96-AABF572F5700}.UDebug|Win32.Build.0 = UDebug|Win32
		{41B017E7-7805-40D5-9D96-AABF572F5700}.URelease|Win32.ActiveCfg = URelease|Win32
		{41B017E7-7805-40D5-9D96-AABF572F5700}.URelease|Win32.Build.0 = URelease|Win32
	EndGlobalSection
	GlobalSection(SolutionProperties) = preSolution
		HideSolutionNode = FALSE
	EndGlobalSection
	GlobalSection(NestedProjects) = preSolution
		{463FE628-A176-4C58-B005-3924BFD1E4E6} = {544023B8-6E83-4602-B4B7-B649D8E73132}
		{223017E7-7805-40D5-9D96-AABF572F57D1} = {544023B8-6E83-4602-B4B7-B649D8E73132}
		{11A20D10-E0D7-447F-A546-8E4662C115C5} = {544023B8-6E83-4602-B4B7-B649D8E73132}
		{A252358D-0899-47C9-A24B-58EDC6D9BBAF} = {544023B8-6E83-4602-B4B7-B649D8E73132}
		{5EEA82DD-05C7-477F-8870-942E8758BFFF} = {544023B8-6E83-4602-B4B7-B649D8E73132}
		{6F77AFCB-2F96-4573-8882-3578EBA8CA1D} = {544023B8-6E83-4602-B4B7-B649D8E73132}
		{41B017E7-7805-40D5-9D96-AABF572F57D2} = {544023B8-6E83-4602-B4B7-B649D8E73132}
		{41B017E7-7805-40D5-9D96-AABF572F57D1} = {544023B8-6E83-4602-B4B7-B649D8E73132}
		{21B017E7-7805-40D5-9D96-AABF572F57D1} = {544023B8-6E83-4602-B4B7-B649D8E73132}
		{EA69C09E-26EA-4E2B-A2C0-0400AAAD77B0} = {544023B8-6E83-4602-B4B7-B649D8E73132}
		{41B017E7-7805-40D5-9D96-AABF572F5700} = {544023B8-6E83-4602-B4B7-B649D8E73132}
	EndGlobalSection
EndGlobal
